github.com/nano-adhara/test-everything v0.0.2 h1:KfVEY86hN5kcxvzIuiGkmUlWhGEqUYasLcv3fY8GBvI=
github.com/nano-adhara/test-everything v0.0.2/go.mod h1:RoSAR45SUPHdHG3mi22TCV4fWV/fHkxgmtd0u7dPoz0=
github.com/nano-adhara/test-something v0.0.2 h1:T2r8zXwP8P1QRuco4Z1Iq5bcCSyhW5pYA+eF/mwraDs=
github.com/nano-adhara/test-something v0.0.2/go.mod h1:RoSAR45SUPHdHG3mi22TCV4fWV/fHkxgmtd0u7dPoz0=
